
Microsoft Visual Studio Solution File, Format Version 12.00
# Visual Studio Version 17
VisualStudioVersion = 17.11.35222.181
MinimumVisualStudioVersion = 10.0.40219.1
Project("{8BC9CEB8-8B4A-11D0-8D11-00A0C91BC942}") = "Homework_№1_242", "Homework_№1_242.vcxproj", "{4DB9D92A-50FB-4F31-BDF1-3B0997184E13}"
EndProject
Global
	GlobalSection(SolutionConfigurationPlatforms) = preSolution
		Debug|x64 = Debug|x64
		Debug|x86 = Debug|x86
		Release|x64 = Release|x64
		Release|x86 = Release|x86
	EndGlobalSection
	GlobalSection(ProjectConfigurationPlatforms) = postSolution
		{4DB9D92A-50FB-4F31-BDF1-3B0997184E13}.Debug|x64.ActiveCfg = Debug|x64
		{4DB9D92A-50FB-4F31-BDF1-3B0997184E13}.Debug|x64.Build.0 = Debug|x64
		{4DB9D92A-50FB-4F31-BDF1-3B0997184E13}.Debug|x86.ActiveCfg = Debug|Win32
		{4DB9D92A-50FB-4F31-BDF1-3B0997184E13}.Debug|x86.Build.0 = Debug|Win32
		{4DB9D92A-50FB-4F31-BDF1-3B0997184E13}.Release|x64.ActiveCfg = Release|x64
		{4DB9D92A-50FB-4F31-BDF1-3B0997184E13}.Release|x64.Build.0 = Release|x64
		{4DB9D92A-50FB-4F31-BDF1-3B0997184E13}.Release|x86.ActiveCfg = Release|Win32
		{4DB9D92A-50FB-4F31-BDF1-3B0997184E13}.Release|x86.Build.0 = Release|Win32
	EndGlobalSection
	GlobalSection(SolutionProperties) = preSolution
		HideSolutionNode = FALSE
	EndGlobalSection
	GlobalSection(ExtensibilityGlobals) = postSolution
		SolutionGuid = {C54872D2-5FDF-4AEB-B422-685FDECEE4FA}
	EndGlobalSection
EndGlobal
